
Microsoft Visual Studio Solution File, Format Version 12.00
# Visual Studio Version 17
VisualStudioVersion = 17.7.34202.233
MinimumVisualStudioVersion = 10.0.40219.1
Project("{FAE04EC0-301F-11D3-BF4B-00C04F79EFBC}") = "FractionApp", "FractionApp\FractionApp.csproj", "{562E461F-9317-4B34-92D2-5D1F5F3B7191}"
EndProject
Global
	GlobalSection(SolutionConfigurationPlatforms) = preSolution
		Debug|Any CPU = Debug|Any CPU
		Release|Any CPU = Release|Any CPU
	EndGlobalSection
	GlobalSection(ProjectConfigurationPlatforms) = postSolution
		{562E461F-9317-4B34-92D2-5D1F5F3B7191}.Debug|Any CPU.ActiveCfg = Debug|Any CPU
		{562E461F-9317-4B34-92D2-5D1F5F3B7191}.Debug|Any CPU.Build.0 = Debug|Any CPU
		{562E461F-9317-4B34-92D2-5D1F5F3B7191}.Release|Any CPU.ActiveCfg = Release|Any CPU
		{562E461F-9317-4B34-92D2-5D1F5F3B7191}.Release|Any CPU.Build.0 = Release|Any CPU
	EndGlobalSection
	GlobalSection(SolutionProperties) = preSolution
		HideSolutionNode = FALSE
	EndGlobalSection
	GlobalSection(ExtensibilityGlobals) = postSolution
		SolutionGuid = {505BE5DE-769E-49EB-8AAC-57E0A180121B}
	EndGlobalSection
EndGlobal
